
Microsoft Visual Studio Solution File, Format Version 12.00
# Visual Studio 14
VisualStudioVersion = 14.0.25420.1
MinimumVisualStudioVersion = 10.0.40219.1
Project("{A07B5EB6-E848-4116-A8D0-A826331D98C6}") = "CryptBitSF", "CryptBitSF\CryptBitSF.sfproj", "{63561ED0-FFC9-457E-8A86-36A5EF48F5D2}"
EndProject
Project("{FAE04EC0-301F-11D3-BF4B-00C04F79EFBC}") = "CryptBitWeb", "CryptBitWeb\CryptBitWeb.csproj", "{FA20BD65-D1C0-4703-9A6D-BE714730F900}"
EndProject
Project("{FAE04EC0-301F-11D3-BF4B-00C04F79EFBC}") = "CryptBitLibrary", "CryptBitLibrary\CryptBitLibrary.csproj", "{EE3479E5-09A9-46BB-9515-F33B0D7567E9}"
EndProject
Project("{FAE04EC0-301F-11D3-BF4B-00C04F79EFBC}") = "CryptBitService", "CryptBitService\CryptBitService.csproj", "{34B8B2F7-E4F1-449C-93C4-486BF0E02913}"
EndProject
Global
	GlobalSection(SolutionConfigurationPlatforms) = preSolution
		Debug|Any CPU = Debug|Any CPU
		Debug|x64 = Debug|x64
		Release|Any CPU = Release|Any CPU
		Release|x64 = Release|x64
	EndGlobalSection
	GlobalSection(ProjectConfigurationPlatforms) = postSolution
		{63561ED0-FFC9-457E-8A86-36A5EF48F5D2}.Debug|Any CPU.ActiveCfg = Debug|x64
		{63561ED0-FFC9-457E-8A86-36A5EF48F5D2}.Debug|x64.ActiveCfg = Debug|x64
		{63561ED0-FFC9-457E-8A86-36A5EF48F5D2}.Debug|x64.Build.0 = Debug|x64
		{63561ED0-FFC9-457E-8A86-36A5EF48F5D2}.Debug|x64.Deploy.0 = Debug|x64
		{63561ED0-FFC9-457E-8A86-36A5EF48F5D2}.Release|Any CPU.ActiveCfg = Release|x64
		{63561ED0-FFC9-457E-8A86-36A5EF48F5D2}.Release|x64.ActiveCfg = Release|x64
		{63561ED0-FFC9-457E-8A86-36A5EF48F5D2}.Release|x64.Build.0 = Release|x64
		{63561ED0-FFC9-457E-8A86-36A5EF48F5D2}.Release|x64.Deploy.0 = Release|x64
		{FA20BD65-D1C0-4703-9A6D-BE714730F900}.Debug|Any CPU.ActiveCfg = Debug|x64
		{FA20BD65-D1C0-4703-9A6D-BE714730F900}.Debug|x64.ActiveCfg = Debug|x64
		{FA20BD65-D1C0-4703-9A6D-BE714730F900}.Debug|x64.Build.0 = Debug|x64
		{FA20BD65-D1C0-4703-9A6D-BE714730F900}.Release|Any CPU.ActiveCfg = Release|x64
		{FA20BD65-D1C0-4703-9A6D-BE714730F900}.Release|x64.ActiveCfg = Release|x64
		{FA20BD65-D1C0-4703-9A6D-BE714730F900}.Release|x64.Build.0 = Release|x64
		{EE3479E5-09A9-46BB-9515-F33B0D7567E9}.Debug|Any CPU.ActiveCfg = Debug|Any CPU
		{EE3479E5-09A9-46BB-9515-F33B0D7567E9}.Debug|Any CPU.Build.0 = Debug|Any CPU
		{EE3479E5-09A9-46BB-9515-F33B0D7567E9}.Debug|x64.ActiveCfg = Debug|Any CPU
		{EE3479E5-09A9-46BB-9515-F33B0D7567E9}.Debug|x64.Build.0 = Debug|Any CPU
		{EE3479E5-09A9-46BB-9515-F33B0D7567E9}.Release|Any CPU.ActiveCfg = Release|Any CPU
		{EE3479E5-09A9-46BB-9515-F33B0D7567E9}.Release|Any CPU.Build.0 = Release|Any CPU
		{EE3479E5-09A9-46BB-9515-F33B0D7567E9}.Release|x64.ActiveCfg = Release|Any CPU
		{EE3479E5-09A9-46BB-9515-F33B0D7567E9}.Release|x64.Build.0 = Release|Any CPU
		{34B8B2F7-E4F1-449C-93C4-486BF0E02913}.Debug|Any CPU.ActiveCfg = Debug|x64
		{34B8B2F7-E4F1-449C-93C4-486BF0E02913}.Debug|x64.ActiveCfg = Debug|x64
		{34B8B2F7-E4F1-449C-93C4-486BF0E02913}.Debug|x64.Build.0 = Debug|x64
		{34B8B2F7-E4F1-449C-93C4-486BF0E02913}.Release|Any CPU.ActiveCfg = Release|x64
		{34B8B2F7-E4F1-449C-93C4-486BF0E02913}.Release|x64.ActiveCfg = Release|x64
		{34B8B2F7-E4F1-449C-93C4-486BF0E02913}.Release|x64.Build.0 = Release|x64
	EndGlobalSection
	GlobalSection(SolutionProperties) = preSolution
		HideSolutionNode = FALSE
	EndGlobalSection
EndGlobal
